{
  "name": "yadcf",
  "version": "0.9.5",
  "lockfileVersion": 3,
  "requires": true,
  "packages": {
    "": {
      "name": "yadcf",
      "version": "0.9.5",
      "license": "MIT",
      "dependencies": {
        "jquery": "^2.2.4"
      }
    },
    "node_modules/jquery": {
      "version": "2.2.4",
      "resolved": "https://registry.npmjs.org/jquery/-/jquery-2.2.4.tgz",
      "integrity": "sha512-lBHj60ezci2u1v2FqnZIraShGgEXq35qCzMv4lITyHGppTnA13rwR0MgwyNJh9TnDs3aXUvd1xjAotfraMHX/Q==",
      "license": "MIT"
    }
  }
}
